
Microsoft Visual Studio Solution File, Format Version 12.00
# Visual Studio 15
VisualStudioVersion = 15.0.28307.421
MinimumVisualStudioVersion = 10.0.40219.1
Project("{FAE04EC0-301F-11D3-BF4B-00C04F79EFBC}") = "Work_Visitor", "Work_Visitor\Work_Visitor.csproj", "{B27A7D71-6088-4571-848C-460E4BEFB228}"
EndProject
Global
	GlobalSection(SolutionConfigurationPlatforms) = preSolution
		Debug|Any CPU = Debug|Any CPU
		Release|Any CPU = Release|Any CPU
	EndGlobalSection
	GlobalSection(ProjectConfigurationPlatforms) = postSolution
		{B27A7D71-6088-4571-848C-460E4BEFB228}.Debug|Any CPU.ActiveCfg = Debug|Any CPU
		{B27A7D71-6088-4571-848C-460E4BEFB228}.Debug|Any CPU.Build.0 = Debug|Any CPU
		{B27A7D71-6088-4571-848C-460E4BEFB228}.Release|Any CPU.ActiveCfg = Release|Any CPU
		{B27A7D71-6088-4571-848C-460E4BEFB228}.Release|Any CPU.Build.0 = Release|Any CPU
	EndGlobalSection
	GlobalSection(SolutionProperties) = preSolution
		HideSolutionNode = FALSE
	EndGlobalSection
	GlobalSection(ExtensibilityGlobals) = postSolution
		SolutionGuid = {2BB1E699-08F9-4C5A-BB99-711DFCCC38B7}
	EndGlobalSection
EndGlobal
