
Microsoft Visual Studio Solution File, Format Version 12.00
# Visual Studio 15
VisualStudioVersion = 15.0.28307.421
MinimumVisualStudioVersion = 10.0.40219.1
Project("{9A19103F-16F7-4668-BE54-9A1E7A4F7556}") = "Workers", "Toys\Workers.csproj", "{1E2BE4A5-F132-4EE6-982E-6335E968DDF6}"
EndProject
Global
	GlobalSection(SolutionConfigurationPlatforms) = preSolution
		Debug|Any CPU = Debug|Any CPU
		Release|Any CPU = Release|Any CPU
	EndGlobalSection
	GlobalSection(ProjectConfigurationPlatforms) = postSolution
		{1E2BE4A5-F132-4EE6-982E-6335E968DDF6}.Debug|Any CPU.ActiveCfg = Debug|Any CPU
		{1E2BE4A5-F132-4EE6-982E-6335E968DDF6}.Debug|Any CPU.Build.0 = Debug|Any CPU
		{1E2BE4A5-F132-4EE6-982E-6335E968DDF6}.Release|Any CPU.ActiveCfg = Release|Any CPU
		{1E2BE4A5-F132-4EE6-982E-6335E968DDF6}.Release|Any CPU.Build.0 = Release|Any CPU
	EndGlobalSection
	GlobalSection(SolutionProperties) = preSolution
		HideSolutionNode = FALSE
	EndGlobalSection
	GlobalSection(ExtensibilityGlobals) = postSolution
		SolutionGuid = {A0C25531-39D3-4A00-898A-F7CB5F6EBD46}
	EndGlobalSection
EndGlobal
